<?xml version="1.0" encoding="utf-8"?>
<Project ToolsVersion="4.0" xmlns="http://schemas.microsoft.com/developer/msbuild/2003">
  <ItemGroup>
    <Filter Include="Source Files">
      <UniqueIdentifier>{4FC737F1-C7A5-4376-A066-2A32D752A2FF}</UniqueIdentifier>
      <Extensions>cpp;c;cc;cxx;c++;cppm;ixx;def;odl;idl;hpj;bat;asm;asmx</Extensions>
    </Filter>
    <Filter Include="Header Files">
      <UniqueIdentifier>{93995380-89BD-4b04-88EB-625FBE52EBFB}</UniqueIdentifier>
      <Extensions>h;hh;hpp;hxx;h++;hm;inl;inc;ipp;xsd</Extensions>
    </Filter>
    <Filter Include="Resource Files">
      <UniqueIdentifier>{67DA6AB6-F800-4c08-8B7A-83BB121AAD01}</UniqueIdentifier>
      <Extensions>rc;ico;cur;bmp;dlg;rc2;rct;bin;rgs;gif;jpg;jpeg;jpe;resx;tiff;tif;png;wav;mfcribbon-ms</Extensions>
    </Filter>
    <Filter Include="Header Files\kdmapper">
      <UniqueIdentifier>{391140bc-25e6-48d1-85c2-6ee01757f1ad}</UniqueIdentifier>
    </Filter>
    <Filter Include="Source Files\kdmapper">
      <UniqueIdentifier>{22bad51b-1c3f-411c-a444-8567f0bd6511}</UniqueIdentifier>
    </Filter>
  </ItemGroup>
  <ItemGroup>
    <ClCompile Include="lpmapper.cpp">
      <Filter>Source Files</Filter>
    </ClCompile>
    <ClCompile Include="kdmapper\service.cpp">
      <Filter>Source Files\kdmapper</Filter>
    </ClCompile>
    <ClCompile Include="kdmapper\utils.cpp">
      <Filter>Source Files\kdmapper</Filter>
    </ClCompile>
    <ClCompile Include="kdmapper\intel_driver.cpp">
      <Filter>Source Files\kdmapper</Filter>
    </ClCompile>
  </ItemGroup>
  <ItemGroup>
    <ClInclude Include="kdmapper\intel_driver.hpp">
      <Filter>Header Files\kdmapper</Filter>
    </ClInclude>
    <ClInclude Include="kdmapper\service.hpp">
      <Filter>Header Files\kdmapper</Filter>
    </ClInclude>
    <ClInclude Include="kdmapper\nt.hpp">
      <Filter>Header Files\kdmapper</Filter>
    </ClInclude>
    <ClInclude Include="kdmapper\utils.hpp">
      <Filter>Header Files\kdmapper</Filter>
    </ClInclude>
    <ClInclude Include="kdmapper\intel_driver_resource.hpp">
      <Filter>Header Files\kdmapper</Filter>
    </ClInclude>
    <ClInclude Include="shellcode.hpp">
      <Filter>Header Files</Filter>
    </ClInclude>
    <ClInclude Include="structs.hpp">
      <Filter>Header Files</Filter>
    </ClInclude>
  </ItemGroup>
</Project>